
Microsoft Visual Studio Solution File, Format Version 11.00
# Visual Studio 2010
Project("{FAE04EC0-301F-11D3-BF4B-00C04F79EFBC}") = "TheGladeGo", "Assembly-CSharp.csproj", "{1C259B87-B64D-A6C6-826A-A1DEF39A0FE0}"
EndProject
Project("{FAE04EC0-301F-11D3-BF4B-00C04F79EFBC}") = "TheGladeGo", "Assembly-CSharp-Editor.csproj", "{12540F97-79E7-CBE8-75A4-27C076DE6764}"
EndProject
Global
	GlobalSection(SolutionConfigurationPlatforms) = preSolution
		Debug|Any CPU = Debug|Any CPU
		Release|Any CPU = Release|Any CPU
	EndGlobalSection
	GlobalSection(ProjectConfigurationPlatforms) = postSolution
		{1C259B87-B64D-A6C6-826A-A1DEF39A0FE0}.Debug|Any CPU.ActiveCfg = Debug|Any CPU
		{1C259B87-B64D-A6C6-826A-A1DEF39A0FE0}.Debug|Any CPU.Build.0 = Debug|Any CPU
		{1C259B87-B64D-A6C6-826A-A1DEF39A0FE0}.Release|Any CPU.ActiveCfg = Release|Any CPU
		{1C259B87-B64D-A6C6-826A-A1DEF39A0FE0}.Release|Any CPU.Build.0 = Release|Any CPU
		{12540F97-79E7-CBE8-75A4-27C076DE6764}.Debug|Any CPU.ActiveCfg = Debug|Any CPU
		{12540F97-79E7-CBE8-75A4-27C076DE6764}.Debug|Any CPU.Build.0 = Debug|Any CPU
		{12540F97-79E7-CBE8-75A4-27C076DE6764}.Release|Any CPU.ActiveCfg = Release|Any CPU
		{12540F97-79E7-CBE8-75A4-27C076DE6764}.Release|Any CPU.Build.0 = Release|Any CPU
	EndGlobalSection
	GlobalSection(SolutionProperties) = preSolution
		HideSolutionNode = FALSE
	EndGlobalSection
	GlobalSection(MonoDevelopProperties) = preSolution
		StartupItem = Assembly-CSharp.csproj
	EndGlobalSection
EndGlobal
